
Microsoft Visual Studio Solution File, Format Version 12.00
# Visual Studio 15
VisualStudioVersion = 15.0.28307.1738
MinimumVisualStudioVersion = 10.0.40219.1
Project("{F184B08F-C81C-45F6-A57F-5ABD9991F28F}") = "TDV", "WindowsApp1\TDV.vbproj", "{C51BF594-7BF9-49D6-911D-499FC7BB84B3}"
EndProject
Global
	GlobalSection(SolutionConfigurationPlatforms) = preSolution
		Debug|Any CPU = Debug|Any CPU
		Release|Any CPU = Release|Any CPU
	EndGlobalSection
	GlobalSection(ProjectConfigurationPlatforms) = postSolution
		{C51BF594-7BF9-49D6-911D-499FC7BB84B3}.Debug|Any CPU.ActiveCfg = Debug|Any CPU
		{C51BF594-7BF9-49D6-911D-499FC7BB84B3}.Debug|Any CPU.Build.0 = Debug|Any CPU
		{C51BF594-7BF9-49D6-911D-499FC7BB84B3}.Release|Any CPU.ActiveCfg = Release|Any CPU
		{C51BF594-7BF9-49D6-911D-499FC7BB84B3}.Release|Any CPU.Build.0 = Release|Any CPU
	EndGlobalSection
	GlobalSection(SolutionProperties) = preSolution
		HideSolutionNode = FALSE
	EndGlobalSection
	GlobalSection(ExtensibilityGlobals) = postSolution
		SolutionGuid = {1067119B-3796-41B2-89CC-61C7467B0ABB}
	EndGlobalSection
EndGlobal
